
Microsoft Visual Studio Solution File, Format Version 12.00
# Visual Studio Version 17
VisualStudioVersion = 17.4.33205.214
MinimumVisualStudioVersion = 10.0.40219.1
Project("{FAE04EC0-301F-11D3-BF4B-00C04F79EFBC}") = "Atv03_AlgoritmoAvancado", "Atv03_AlgoritmoAvancado.csproj", "{171CD163-2048-4935-8127-E9F9DB35F904}"
EndProject
Global
	GlobalSection(SolutionConfigurationPlatforms) = preSolution
		Debug|Any CPU = Debug|Any CPU
		Release|Any CPU = Release|Any CPU
	EndGlobalSection
	GlobalSection(ProjectConfigurationPlatforms) = postSolution
		{171CD163-2048-4935-8127-E9F9DB35F904}.Debug|Any CPU.ActiveCfg = Debug|Any CPU
		{171CD163-2048-4935-8127-E9F9DB35F904}.Debug|Any CPU.Build.0 = Debug|Any CPU
		{171CD163-2048-4935-8127-E9F9DB35F904}.Release|Any CPU.ActiveCfg = Release|Any CPU
		{171CD163-2048-4935-8127-E9F9DB35F904}.Release|Any CPU.Build.0 = Release|Any CPU
	EndGlobalSection
	GlobalSection(SolutionProperties) = preSolution
		HideSolutionNode = FALSE
	EndGlobalSection
	GlobalSection(ExtensibilityGlobals) = postSolution
		SolutionGuid = {A22FDCA9-217A-4FAD-9525-4F5669492EB9}
	EndGlobalSection
EndGlobal
